// !$*UTF8*$!
{
	archiveVersion = 1;
	classes = {
	};
	objectVersion = 77;
	objects = {

/* Begin PBXBuildFile section */
		2518F6B52CD490F200A8F951 /* supabaseInfo.plist in Resources */ = {isa = PBXBuildFile; fileRef = 2518F6B42CD490F200A8F951 /* supabaseInfo.plist */; };
		2518F6B82CD492A000A8F951 /* DBConnection.swift in Sources */ = {isa = PBXBuildFile; fileRef = 2518F6B72CD4929500A8F951 /* DBConnection.swift */; };
		2518F6BB2CD4930300A8F951 /* Supabase in Frameworks */ = {isa = PBXBuildFile; productRef = 2518F6BA2CD4930300A8F951 /* Supabase */; };
		259AAB8A2CDA06CD00512CE6 /* SearchAddressStore.swift in Sources */ = {isa = PBXBuildFile; fileRef = 259AAB892CDA06CD00512CE6 /* SearchAddressStore.swift */; };
		259AAB8B2CDA06CD00512CE6 /* LocationManager.swift in Sources */ = {isa = PBXBuildFile; fileRef = 259AAB882CDA06CD00512CE6 /* LocationManager.swift */; };
		259AABA42CDA07F500512CE6 /* TripRouteStore.swift in Sources */ = {isa = PBXBuildFile; fileRef = 259AABA32CDA07F500512CE6 /* TripRouteStore.swift */; };
		259AABB32CDA0AB200512CE6 /* Place.swift in Sources */ = {isa = PBXBuildFile; fileRef = 259AABB12CDA0AB200512CE6 /* Place.swift */; };
		259AABB42CDA0AB200512CE6 /* MarkerItem.swift in Sources */ = {isa = PBXBuildFile; fileRef = 259AABB02CDA0AB200512CE6 /* MarkerItem.swift */; };
		259AABB52CDA0AB200512CE6 /* TripRoute.swift in Sources */ = {isa = PBXBuildFile; fileRef = 259AABB22CDA0AB200512CE6 /* TripRoute.swift */; };
		259AABB62CDA0AB200512CE6 /* City.swift in Sources */ = {isa = PBXBuildFile; fileRef = 259AABAF2CDA0AB200512CE6 /* City.swift */; };
		259AABB92CDA0ABA00512CE6 /* Category.swift in Sources */ = {isa = PBXBuildFile; fileRef = 259AABB72CDA0ABA00512CE6 /* Category.swift */; };
		259AABBA2CDA0ABA00512CE6 /* Post.swift in Sources */ = {isa = PBXBuildFile; fileRef = 259AABB82CDA0ABA00512CE6 /* Post.swift */; };
		259AABC02CDA0AC800512CE6 /* User.swift in Sources */ = {isa = PBXBuildFile; fileRef = 259AABBF2CDA0AC800512CE6 /* User.swift */; };
		259AABC52CDA0AD900512CE6 /* CityTagFlowLayout.swift in Sources */ = {isa = PBXBuildFile; fileRef = 259AABC12CDA0AD900512CE6 /* CityTagFlowLayout.swift */; };
		259AABC62CDA0AD900512CE6 /* PlaceSearchView.swift in Sources */ = {isa = PBXBuildFile; fileRef = 259AABC42CDA0AD900512CE6 /* PlaceSearchView.swift */; };
		259AABC72CDA0AD900512CE6 /* PlaceInfoView.swift in Sources */ = {isa = PBXBuildFile; fileRef = 259AABC32CDA0AD900512CE6 /* PlaceInfoView.swift */; };
		259AABC82CDA0AD900512CE6 /* PlaceAddingView.swift in Sources */ = {isa = PBXBuildFile; fileRef = 259AABC22CDA0AD900512CE6 /* PlaceAddingView.swift */; };
		42702D482CDA34510093F9E3 /* DateStore.swift in Sources */ = {isa = PBXBuildFile; fileRef = 6E690E792CD8B5A50096DB7C /* DateStore.swift */; };
		42702D502CDA56AE0093F9E3 /* RouteDetailView.swift in Sources */ = {isa = PBXBuildFile; fileRef = 42702D4F2CDA56AE0093F9E3 /* RouteDetailView.swift */; };
		42702D512CDA7BF70093F9E3 /* SignInView.swift in Sources */ = {isa = PBXBuildFile; fileRef = FB36F6352CD48F9200E356FA /* SignInView.swift */; };
		42F2F9D42CE187F60013F147 /* PlaceStore.swift in Sources */ = {isa = PBXBuildFile; fileRef = 42F2F9D32CE187F60013F147 /* PlaceStore.swift */; };
		6E690E732CD8B54F0096DB7C /* CalendarView.swift in Sources */ = {isa = PBXBuildFile; fileRef = 6E690E6C2CD8B54F0096DB7C /* CalendarView.swift */; };
		6E690E742CD8B54F0096DB7C /* DateGridView.swift in Sources */ = {isa = PBXBuildFile; fileRef = 6E690E6E2CD8B54F0096DB7C /* DateGridView.swift */; };
		6E690E752CD8B54F0096DB7C /* EnterBasicInformationView.swift in Sources */ = {isa = PBXBuildFile; fileRef = 6E690E722CD8B54F0096DB7C /* EnterBasicInformationView.swift */; };
		6E690E762CD8B54F0096DB7C /* WeekdayView.swift in Sources */ = {isa = PBXBuildFile; fileRef = 6E690E6F2CD8B54F0096DB7C /* WeekdayView.swift */; };
		6E690E772CD8B54F0096DB7C /* YearAndMonthView.swift in Sources */ = {isa = PBXBuildFile; fileRef = 6E690E702CD8B54F0096DB7C /* YearAndMonthView.swift */; };
		6E690E782CD8B54F0096DB7C /* CellView.swift in Sources */ = {isa = PBXBuildFile; fileRef = 6E690E6D2CD8B54F0096DB7C /* CellView.swift */; };
		6E690E842CD8B9540096DB7C /* RecentlySearchListView.swift in Sources */ = {isa = PBXBuildFile; fileRef = 6E690E812CD8B9540096DB7C /* RecentlySearchListView.swift */; };
		6E690E852CD8B9540096DB7C /* TopContentsView.swift in Sources */ = {isa = PBXBuildFile; fileRef = 6E690E7C2CD8B9540096DB7C /* TopContentsView.swift */; };
		6E690E862CD8B9540096DB7C /* SearchView.swift in Sources */ = {isa = PBXBuildFile; fileRef = 6E690E822CD8B9540096DB7C /* SearchView.swift */; };
		6E690E872CD8B9540096DB7C /* MyTripCardView.swift in Sources */ = {isa = PBXBuildFile; fileRef = 6E690E7B2CD8B9540096DB7C /* MyTripCardView.swift */; };
		6E690E882CD8B9540096DB7C /* RecommendContentView.swift in Sources */ = {isa = PBXBuildFile; fileRef = 6E690E7E2CD8B9540096DB7C /* RecommendContentView.swift */; };
		6E690E892CD8B9540096DB7C /* RecommendRouteView.swift in Sources */ = {isa = PBXBuildFile; fileRef = 6E690E7F2CD8B9540096DB7C /* RecommendRouteView.swift */; };
		6E690E8B2CD8B97E0096DB7C /* TripRouteView.swift in Sources */ = {isa = PBXBuildFile; fileRef = 6E690E8A2CD8B97E0096DB7C /* TripRouteView.swift */; };
		6E690E8F2CD8E2F10096DB7C /* ChatStore.swift in Sources */ = {isa = PBXBuildFile; fileRef = 6E690E8E2CD8E2EB0096DB7C /* ChatStore.swift */; };
		6E690E912CD8EE280096DB7C /* ChattingRoomView.swift in Sources */ = {isa = PBXBuildFile; fileRef = 6E690E902CD8EE180096DB7C /* ChattingRoomView.swift */; };
		6EDBE8AF2CDA468500D9A233 /* DateStore.swift in Sources */ = {isa = PBXBuildFile; fileRef = 6E690E792CD8B5A50096DB7C /* DateStore.swift */; };
		FB36F5EE2CD472F600E356FA /* Assets.xcassets in Resources */ = {isa = PBXBuildFile; fileRef = FB36F5E92CD472F600E356FA /* Assets.xcassets */; };
		FB36F5EF2CD472F600E356FA /* ContentView.swift in Sources */ = {isa = PBXBuildFile; fileRef = FB36F5EA2CD472F600E356FA /* ContentView.swift */; };
		FB36F5F02CD472F600E356FA /* MayTripApp.swift in Sources */ = {isa = PBXBuildFile; fileRef = FB36F5EB2CD472F600E356FA /* MayTripApp.swift */; };
		FB36F5FD2CD473EA00E356FA /* LoginView.swift in Sources */ = {isa = PBXBuildFile; fileRef = FB36F5FC2CD473E800E356FA /* LoginView.swift */; };
		FB36F6012CD473FA00E356FA /* ChatView.swift in Sources */ = {isa = PBXBuildFile; fileRef = FB36F6002CD473F800E356FA /* ChatView.swift */; };
		FB36F6032CD4740900E356FA /* CommunityView.swift in Sources */ = {isa = PBXBuildFile; fileRef = FB36F6022CD4740600E356FA /* CommunityView.swift */; };
		FB36F6052CD4740F00E356FA /* MyPageView.swift in Sources */ = {isa = PBXBuildFile; fileRef = FB36F6042CD4740C00E356FA /* MyPageView.swift */; };
		FB36F6082CD4742A00E356FA /* StorageView.swift in Sources */ = {isa = PBXBuildFile; fileRef = FB36F6072CD4742700E356FA /* StorageView.swift */; };
		FB36F61A2CD474F900E356FA /* AuthStore.swift in Sources */ = {isa = PBXBuildFile; fileRef = FB36F6192CD474F600E356FA /* AuthStore.swift */; };
		FB36F61D2CD4752300E356FA /* Auth in Frameworks */ = {isa = PBXBuildFile; productRef = FB36F61C2CD4752300E356FA /* Auth */; };
		FB36F61F2CD4752300E356FA /* Functions in Frameworks */ = {isa = PBXBuildFile; productRef = FB36F61E2CD4752300E356FA /* Functions */; };
		FB36F6212CD4752300E356FA /* PostgREST in Frameworks */ = {isa = PBXBuildFile; productRef = FB36F6202CD4752300E356FA /* PostgREST */; };
		FB36F6232CD4752300E356FA /* Realtime in Frameworks */ = {isa = PBXBuildFile; productRef = FB36F6222CD4752300E356FA /* Realtime */; };
		FB36F6252CD4752300E356FA /* Storage in Frameworks */ = {isa = PBXBuildFile; productRef = FB36F6242CD4752300E356FA /* Storage */; };
		FB36F62D2CD4774400E356FA /* KakaoSDK in Frameworks */ = {isa = PBXBuildFile; productRef = FB36F62C2CD4774400E356FA /* KakaoSDK */; };
		FB36F62F2CD4774400E356FA /* KakaoSDKAuth in Frameworks */ = {isa = PBXBuildFile; productRef = FB36F62E2CD4774400E356FA /* KakaoSDKAuth */; };
		FB36F6322CD4775B00E356FA /* GoogleSignIn in Frameworks */ = {isa = PBXBuildFile; productRef = FB36F6312CD4775B00E356FA /* GoogleSignIn */; };
		FB36F6342CD4775B00E356FA /* GoogleSignInSwift in Frameworks */ = {isa = PBXBuildFile; productRef = FB36F6332CD4775B00E356FA /* GoogleSignInSwift */; };
		FB36F63A2CD4991600E356FA /* LoginViewCommon.swift in Sources */ = {isa = PBXBuildFile; fileRef = FB36F6392CD4990900E356FA /* LoginViewCommon.swift */; };
		FB36F63C2CD5150800E356FA /* SignUpView.swift in Sources */ = {isa = PBXBuildFile; fileRef = FB36F63B2CD5150400E356FA /* SignUpView.swift */; };
		FB8AC00C2CDBBF5C0001AB05 /* ProfileInitView.swift in Sources */ = {isa = PBXBuildFile; fileRef = FB8AC00B2CDBBF560001AB05 /* ProfileInitView.swift */; };
		FB8AC01A2CDCAE8A0001AB05 /* AuthStore+Kakao.swift in Sources */ = {isa = PBXBuildFile; fileRef = FB8AC0192CDCAE7C0001AB05 /* AuthStore+Kakao.swift */; };
		FB8AC01C2CDCAEC30001AB05 /* AuthStore+Google.swift in Sources */ = {isa = PBXBuildFile; fileRef = FB8AC01B2CDCAEBE0001AB05 /* AuthStore+Google.swift */; };
		FB8AC01E2CDD93CC0001AB05 /* UserStore.swift in Sources */ = {isa = PBXBuildFile; fileRef = FB8AC01D2CDD93C80001AB05 /* UserStore.swift */; };
		FB8AC02B2CE195490001AB05 /* CommunityHeaderView.swift in Sources */ = {isa = PBXBuildFile; fileRef = FB8AC02A2CE195490001AB05 /* CommunityHeaderView.swift */; };
		FB8AC02D2CE1966B0001AB05 /* CommunityBodyView.swift in Sources */ = {isa = PBXBuildFile; fileRef = FB8AC02C2CE1966B0001AB05 /* CommunityBodyView.swift */; };
		FB8AC02F2CE19D010001AB05 /* CommunityStore.swift in Sources */ = {isa = PBXBuildFile; fileRef = FB8AC02E2CE19CFA0001AB05 /* CommunityStore.swift */; };
		FB8AC0312CE1E8BC0001AB05 /* CommunityPostListView.swift in Sources */ = {isa = PBXBuildFile; fileRef = FB8AC0302CE1E8BC0001AB05 /* CommunityPostListView.swift */; };
		FBC09BA22CD9DBAA00B059FB /* SocialLoginButtons.swift in Sources */ = {isa = PBXBuildFile; fileRef = FBC09BA12CD9DBA400B059FB /* SocialLoginButtons.swift */; };
		FBC09C382CDA72A800B059FB /* ChatRoom.swift in Sources */ = {isa = PBXBuildFile; fileRef = FBC09C372CDA72A800B059FB /* ChatRoom.swift */; };
		FBC09C392CDA72A800B059FB /* ChatLog.swift in Sources */ = {isa = PBXBuildFile; fileRef = FBC09C362CDA72A800B059FB /* ChatLog.swift */; };
		FBC09C3B2CDA72D200B059FB /* Config.xcconfig in Resources */ = {isa = PBXBuildFile; fileRef = FBC09C3A2CDA72D200B059FB /* Config.xcconfig */; };
		FBC09C3D2CDA7A5600B059FB /* MainView.swift in Sources */ = {isa = PBXBuildFile; fileRef = FBC09C3C2CDA7A5000B059FB /* MainView.swift */; };
/* End PBXBuildFile section */

/* Begin PBXFileReference section */
		2518F6B42CD490F200A8F951 /* supabaseInfo.plist */ = {isa = PBXFileReference; lastKnownFileType = text.plist.xml; path = supabaseInfo.plist; sourceTree = "<group>"; };
		2518F6B72CD4929500A8F951 /* DBConnection.swift */ = {isa = PBXFileReference; lastKnownFileType = sourcecode.swift; path = DBConnection.swift; sourceTree = "<group>"; };
		259AAB882CDA06CD00512CE6 /* LocationManager.swift */ = {isa = PBXFileReference; lastKnownFileType = sourcecode.swift; path = LocationManager.swift; sourceTree = "<group>"; };
		259AAB892CDA06CD00512CE6 /* SearchAddressStore.swift */ = {isa = PBXFileReference; lastKnownFileType = sourcecode.swift; path = SearchAddressStore.swift; sourceTree = "<group>"; };
		259AAB8C2CDA06FA00512CE6 /* CityTagFlowLayout.swift */ = {isa = PBXFileReference; lastKnownFileType = sourcecode.swift; path = CityTagFlowLayout.swift; sourceTree = "<group>"; };
		259AAB8D2CDA06FA00512CE6 /* PlaceAddingView.swift */ = {isa = PBXFileReference; lastKnownFileType = sourcecode.swift; path = PlaceAddingView.swift; sourceTree = "<group>"; };
		259AAB8E2CDA06FA00512CE6 /* PlaceInfoView.swift */ = {isa = PBXFileReference; lastKnownFileType = sourcecode.swift; path = PlaceInfoView.swift; sourceTree = "<group>"; };
		259AAB8F2CDA06FA00512CE6 /* PlaceSearchView.swift */ = {isa = PBXFileReference; lastKnownFileType = sourcecode.swift; path = PlaceSearchView.swift; sourceTree = "<group>"; };
		259AABA32CDA07F500512CE6 /* TripRouteStore.swift */ = {isa = PBXFileReference; lastKnownFileType = sourcecode.swift; path = TripRouteStore.swift; sourceTree = "<group>"; };
		259AABA72CDA0A4A00512CE6 /* CityTagFlowLayout.swift */ = {isa = PBXFileReference; lastKnownFileType = sourcecode.swift; path = CityTagFlowLayout.swift; sourceTree = "<group>"; };
		259AABA82CDA0A4A00512CE6 /* PlaceAddingView.swift */ = {isa = PBXFileReference; lastKnownFileType = sourcecode.swift; path = PlaceAddingView.swift; sourceTree = "<group>"; };
		259AABA92CDA0A4A00512CE6 /* PlaceInfoView.swift */ = {isa = PBXFileReference; lastKnownFileType = sourcecode.swift; path = PlaceInfoView.swift; sourceTree = "<group>"; };
		259AABAA2CDA0A4A00512CE6 /* PlaceSearchView.swift */ = {isa = PBXFileReference; lastKnownFileType = sourcecode.swift; path = PlaceSearchView.swift; sourceTree = "<group>"; };
		259AABAF2CDA0AB200512CE6 /* City.swift */ = {isa = PBXFileReference; lastKnownFileType = sourcecode.swift; path = City.swift; sourceTree = "<group>"; };
		259AABB02CDA0AB200512CE6 /* MarkerItem.swift */ = {isa = PBXFileReference; lastKnownFileType = sourcecode.swift; path = MarkerItem.swift; sourceTree = "<group>"; };
		259AABB12CDA0AB200512CE6 /* Place.swift */ = {isa = PBXFileReference; lastKnownFileType = sourcecode.swift; path = Place.swift; sourceTree = "<group>"; };
		259AABB22CDA0AB200512CE6 /* TripRoute.swift */ = {isa = PBXFileReference; lastKnownFileType = sourcecode.swift; path = TripRoute.swift; sourceTree = "<group>"; };
		259AABB72CDA0ABA00512CE6 /* Category.swift */ = {isa = PBXFileReference; lastKnownFileType = sourcecode.swift; path = Category.swift; sourceTree = "<group>"; };
		259AABB82CDA0ABA00512CE6 /* Post.swift */ = {isa = PBXFileReference; lastKnownFileType = sourcecode.swift; path = Post.swift; sourceTree = "<group>"; };
		259AABBB2CDA0AC100512CE6 /* ChatLog.swift */ = {isa = PBXFileReference; lastKnownFileType = sourcecode.swift; path = ChatLog.swift; sourceTree = "<group>"; };
		259AABBC2CDA0AC100512CE6 /* ChatRoom.swift */ = {isa = PBXFileReference; lastKnownFileType = sourcecode.swift; path = ChatRoom.swift; sourceTree = "<group>"; };
		259AABBF2CDA0AC800512CE6 /* User.swift */ = {isa = PBXFileReference; lastKnownFileType = sourcecode.swift; path = User.swift; sourceTree = "<group>"; };
		259AABC12CDA0AD900512CE6 /* CityTagFlowLayout.swift */ = {isa = PBXFileReference; lastKnownFileType = sourcecode.swift; path = CityTagFlowLayout.swift; sourceTree = "<group>"; };
		259AABC22CDA0AD900512CE6 /* PlaceAddingView.swift */ = {isa = PBXFileReference; lastKnownFileType = sourcecode.swift; path = PlaceAddingView.swift; sourceTree = "<group>"; };
		259AABC32CDA0AD900512CE6 /* PlaceInfoView.swift */ = {isa = PBXFileReference; lastKnownFileType = sourcecode.swift; path = PlaceInfoView.swift; sourceTree = "<group>"; };
		259AABC42CDA0AD900512CE6 /* PlaceSearchView.swift */ = {isa = PBXFileReference; lastKnownFileType = sourcecode.swift; path = PlaceSearchView.swift; sourceTree = "<group>"; };
		42702D492CDA34600093F9E3 /* ChatLog.swift */ = {isa = PBXFileReference; lastKnownFileType = sourcecode.swift; path = ChatLog.swift; sourceTree = "<group>"; };
		42702D4A2CDA34600093F9E3 /* ChatRoom.swift */ = {isa = PBXFileReference; lastKnownFileType = sourcecode.swift; path = ChatRoom.swift; sourceTree = "<group>"; };
		42702D4F2CDA56AE0093F9E3 /* RouteDetailView.swift */ = {isa = PBXFileReference; lastKnownFileType = sourcecode.swift; path = RouteDetailView.swift; sourceTree = "<group>"; };
		42F2F9D32CE187F60013F147 /* PlaceStore.swift */ = {isa = PBXFileReference; lastKnownFileType = sourcecode.swift; path = PlaceStore.swift; sourceTree = "<group>"; };
		6E690E6C2CD8B54F0096DB7C /* CalendarView.swift */ = {isa = PBXFileReference; lastKnownFileType = sourcecode.swift; path = CalendarView.swift; sourceTree = "<group>"; };
		6E690E6D2CD8B54F0096DB7C /* CellView.swift */ = {isa = PBXFileReference; lastKnownFileType = sourcecode.swift; path = CellView.swift; sourceTree = "<group>"; };
		6E690E6E2CD8B54F0096DB7C /* DateGridView.swift */ = {isa = PBXFileReference; lastKnownFileType = sourcecode.swift; path = DateGridView.swift; sourceTree = "<group>"; };
		6E690E6F2CD8B54F0096DB7C /* WeekdayView.swift */ = {isa = PBXFileReference; lastKnownFileType = sourcecode.swift; path = WeekdayView.swift; sourceTree = "<group>"; };
		6E690E702CD8B54F0096DB7C /* YearAndMonthView.swift */ = {isa = PBXFileReference; lastKnownFileType = sourcecode.swift; path = YearAndMonthView.swift; sourceTree = "<group>"; };
		6E690E722CD8B54F0096DB7C /* EnterBasicInformationView.swift */ = {isa = PBXFileReference; lastKnownFileType = sourcecode.swift; path = EnterBasicInformationView.swift; sourceTree = "<group>"; };
		6E690E792CD8B5A50096DB7C /* DateStore.swift */ = {isa = PBXFileReference; lastKnownFileType = sourcecode.swift; path = DateStore.swift; sourceTree = "<group>"; };
		6E690E7B2CD8B9540096DB7C /* MyTripCardView.swift */ = {isa = PBXFileReference; lastKnownFileType = sourcecode.swift; path = MyTripCardView.swift; sourceTree = "<group>"; };
		6E690E7C2CD8B9540096DB7C /* TopContentsView.swift */ = {isa = PBXFileReference; lastKnownFileType = sourcecode.swift; path = TopContentsView.swift; sourceTree = "<group>"; };
		6E690E7E2CD8B9540096DB7C /* RecommendContentView.swift */ = {isa = PBXFileReference; lastKnownFileType = sourcecode.swift; path = RecommendContentView.swift; sourceTree = "<group>"; };
		6E690E7F2CD8B9540096DB7C /* RecommendRouteView.swift */ = {isa = PBXFileReference; lastKnownFileType = sourcecode.swift; path = RecommendRouteView.swift; sourceTree = "<group>"; };
		6E690E812CD8B9540096DB7C /* RecentlySearchListView.swift */ = {isa = PBXFileReference; lastKnownFileType = sourcecode.swift; path = RecentlySearchListView.swift; sourceTree = "<group>"; };
		6E690E822CD8B9540096DB7C /* SearchView.swift */ = {isa = PBXFileReference; lastKnownFileType = sourcecode.swift; path = SearchView.swift; sourceTree = "<group>"; };
		6E690E8A2CD8B97E0096DB7C /* TripRouteView.swift */ = {isa = PBXFileReference; lastKnownFileType = sourcecode.swift; path = TripRouteView.swift; sourceTree = "<group>"; };
		6E690E8E2CD8E2EB0096DB7C /* ChatStore.swift */ = {isa = PBXFileReference; lastKnownFileType = sourcecode.swift; path = ChatStore.swift; sourceTree = "<group>"; };
		6E690E902CD8EE180096DB7C /* ChattingRoomView.swift */ = {isa = PBXFileReference; lastKnownFileType = sourcecode.swift; path = ChattingRoomView.swift; sourceTree = "<group>"; };
		FB36F5D62CD472AF00E356FA /* MayTrip.app */ = {isa = PBXFileReference; explicitFileType = wrapper.application; includeInIndex = 0; path = MayTrip.app; sourceTree = BUILT_PRODUCTS_DIR; };
		FB36F5E92CD472F600E356FA /* Assets.xcassets */ = {isa = PBXFileReference; lastKnownFileType = folder.assetcatalog; path = Assets.xcassets; sourceTree = "<group>"; };
		FB36F5EA2CD472F600E356FA /* ContentView.swift */ = {isa = PBXFileReference; lastKnownFileType = sourcecode.swift; path = ContentView.swift; sourceTree = "<group>"; };
		FB36F5EB2CD472F600E356FA /* MayTripApp.swift */ = {isa = PBXFileReference; lastKnownFileType = sourcecode.swift; path = MayTripApp.swift; sourceTree = "<group>"; };
		FB36F5FC2CD473E800E356FA /* LoginView.swift */ = {isa = PBXFileReference; lastKnownFileType = sourcecode.swift; path = LoginView.swift; sourceTree = "<group>"; };
		FB36F6002CD473F800E356FA /* ChatView.swift */ = {isa = PBXFileReference; lastKnownFileType = sourcecode.swift; path = ChatView.swift; sourceTree = "<group>"; };
		FB36F6022CD4740600E356FA /* CommunityView.swift */ = {isa = PBXFileReference; lastKnownFileType = sourcecode.swift; path = CommunityView.swift; sourceTree = "<group>"; };
		FB36F6042CD4740C00E356FA /* MyPageView.swift */ = {isa = PBXFileReference; lastKnownFileType = sourcecode.swift; path = MyPageView.swift; sourceTree = "<group>"; };
		FB36F6072CD4742700E356FA /* StorageView.swift */ = {isa = PBXFileReference; lastKnownFileType = sourcecode.swift; path = StorageView.swift; sourceTree = "<group>"; };
		FB36F6192CD474F600E356FA /* AuthStore.swift */ = {isa = PBXFileReference; lastKnownFileType = sourcecode.swift; path = AuthStore.swift; sourceTree = "<group>"; };
		FB36F6352CD48F9200E356FA /* SignInView.swift */ = {isa = PBXFileReference; lastKnownFileType = sourcecode.swift; path = SignInView.swift; sourceTree = "<group>"; };
		FB36F6392CD4990900E356FA /* LoginViewCommon.swift */ = {isa = PBXFileReference; lastKnownFileType = sourcecode.swift; path = LoginViewCommon.swift; sourceTree = "<group>"; };
		FB36F63B2CD5150400E356FA /* SignUpView.swift */ = {isa = PBXFileReference; lastKnownFileType = sourcecode.swift; path = SignUpView.swift; sourceTree = "<group>"; };
		FB8AC00B2CDBBF560001AB05 /* ProfileInitView.swift */ = {isa = PBXFileReference; lastKnownFileType = sourcecode.swift; path = ProfileInitView.swift; sourceTree = "<group>"; };
		FB8AC0192CDCAE7C0001AB05 /* AuthStore+Kakao.swift */ = {isa = PBXFileReference; lastKnownFileType = sourcecode.swift; path = "AuthStore+Kakao.swift"; sourceTree = "<group>"; };
		FB8AC01B2CDCAEBE0001AB05 /* AuthStore+Google.swift */ = {isa = PBXFileReference; lastKnownFileType = sourcecode.swift; path = "AuthStore+Google.swift"; sourceTree = "<group>"; };
		FB8AC01D2CDD93C80001AB05 /* UserStore.swift */ = {isa = PBXFileReference; lastKnownFileType = sourcecode.swift; path = UserStore.swift; sourceTree = "<group>"; };
		FB8AC02A2CE195490001AB05 /* CommunityHeaderView.swift */ = {isa = PBXFileReference; lastKnownFileType = sourcecode.swift; path = CommunityHeaderView.swift; sourceTree = "<group>"; };
		FB8AC02C2CE1966B0001AB05 /* CommunityBodyView.swift */ = {isa = PBXFileReference; lastKnownFileType = sourcecode.swift; path = CommunityBodyView.swift; sourceTree = "<group>"; };
		FB8AC02E2CE19CFA0001AB05 /* CommunityStore.swift */ = {isa = PBXFileReference; lastKnownFileType = sourcecode.swift; path = CommunityStore.swift; sourceTree = "<group>"; };
		FB8AC0302CE1E8BC0001AB05 /* CommunityPostListView.swift */ = {isa = PBXFileReference; lastKnownFileType = sourcecode.swift; path = CommunityPostListView.swift; sourceTree = "<group>"; };
		FBC09B952CD8721900B059FB /* MayTrip.entitlements */ = {isa = PBXFileReference; lastKnownFileType = text.plist.entitlements; path = MayTrip.entitlements; sourceTree = "<group>"; };
		FBC09B9A2CD9D68D00B059FB /* Info.plist */ = {isa = PBXFileReference; lastKnownFileType = text.plist; path = Info.plist; sourceTree = "<group>"; };
		FBC09BA12CD9DBA400B059FB /* SocialLoginButtons.swift */ = {isa = PBXFileReference; lastKnownFileType = sourcecode.swift; path = SocialLoginButtons.swift; sourceTree = "<group>"; };
		FBC09C362CDA72A800B059FB /* ChatLog.swift */ = {isa = PBXFileReference; lastKnownFileType = sourcecode.swift; path = ChatLog.swift; sourceTree = "<group>"; };
		FBC09C372CDA72A800B059FB /* ChatRoom.swift */ = {isa = PBXFileReference; lastKnownFileType = sourcecode.swift; path = ChatRoom.swift; sourceTree = "<group>"; };
		FBC09C3A2CDA72D200B059FB /* Config.xcconfig */ = {isa = PBXFileReference; lastKnownFileType = text.xcconfig; path = Config.xcconfig; sourceTree = "<group>"; };
		FBC09C3C2CDA7A5000B059FB /* MainView.swift */ = {isa = PBXFileReference; lastKnownFileType = sourcecode.swift; path = MainView.swift; sourceTree = "<group>"; };
/* End PBXFileReference section */

/* Begin PBXFrameworksBuildPhase section */
		FB36F5D32CD472AF00E356FA /* Frameworks */ = {
			isa = PBXFrameworksBuildPhase;
			buildActionMask = 2147483647;
			files = (
				2518F6BB2CD4930300A8F951 /* Supabase in Frameworks */,
				FB36F6342CD4775B00E356FA /* GoogleSignInSwift in Frameworks */,
				FB36F62F2CD4774400E356FA /* KakaoSDKAuth in Frameworks */,
				FB36F6322CD4775B00E356FA /* GoogleSignIn in Frameworks */,
				FB36F6212CD4752300E356FA /* PostgREST in Frameworks */,
				FB36F61F2CD4752300E356FA /* Functions in Frameworks */,
				FB36F61D2CD4752300E356FA /* Auth in Frameworks */,
				FB36F6252CD4752300E356FA /* Storage in Frameworks */,
				FB36F6232CD4752300E356FA /* Realtime in Frameworks */,
				FB36F62D2CD4774400E356FA /* KakaoSDK in Frameworks */,
			);
			runOnlyForDeploymentPostprocessing = 0;
		};
/* End PBXFrameworksBuildPhase section */

/* Begin PBXGroup section */
		2518F6B62CD4928A00A8F951 /* App */ = {
			isa = PBXGroup;
			children = (
				2518F6B72CD4929500A8F951 /* DBConnection.swift */,
			);
			path = App;
			sourceTree = "<group>";
		};
		2518F6B92CD4930300A8F951 /* Frameworks */ = {
			isa = PBXGroup;
			children = (
			);
			name = Frameworks;
			sourceTree = "<group>";
		};
		252CC2D92CD89BCB00345DE5 /* Chat */ = {
			isa = PBXGroup;
			children = (
				FBC09C362CDA72A800B059FB /* ChatLog.swift */,
				FBC09C372CDA72A800B059FB /* ChatRoom.swift */,
			);
			path = Chat;
			sourceTree = "<group>";
		};
		252CC2DA2CD89BE500345DE5 /* Community */ = {
			isa = PBXGroup;
			children = (
				259AABB72CDA0ABA00512CE6 /* Category.swift */,
				259AABB82CDA0ABA00512CE6 /* Post.swift */,
			);
			path = Community;
			sourceTree = "<group>";
		};
		252CC2DB2CD89BF100345DE5 /* Auth */ = {
			isa = PBXGroup;
			children = (
				259AABBF2CDA0AC800512CE6 /* User.swift */,
			);
			path = Auth;
			sourceTree = "<group>";
		};
		259AAB542CDA024500512CE6 /* PlaceAddViews */ = {
			isa = PBXGroup;
			children = (
				259AABC12CDA0AD900512CE6 /* CityTagFlowLayout.swift */,
				259AABC22CDA0AD900512CE6 /* PlaceAddingView.swift */,
				259AABC32CDA0AD900512CE6 /* PlaceInfoView.swift */,
				259AABC42CDA0AD900512CE6 /* PlaceSearchView.swift */,
			);
			path = PlaceAddViews;
			sourceTree = "<group>";
		};
		259AAB762CDA03BD00512CE6 /* TripRoute */ = {
			isa = PBXGroup;
			children = (
				259AABAF2CDA0AB200512CE6 /* City.swift */,
				259AABB02CDA0AB200512CE6 /* MarkerItem.swift */,
				259AABB12CDA0AB200512CE6 /* Place.swift */,
				259AABB22CDA0AB200512CE6 /* TripRoute.swift */,
			);
			path = TripRoute;
			sourceTree = "<group>";
		};
		259AABA62CDA08AD00512CE6 /* Recovered References */ = {
			isa = PBXGroup;
			children = (
				259AAB8F2CDA06FA00512CE6 /* PlaceSearchView.swift */,
				259AAB8E2CDA06FA00512CE6 /* PlaceInfoView.swift */,
				259AAB8C2CDA06FA00512CE6 /* CityTagFlowLayout.swift */,
				259AAB8D2CDA06FA00512CE6 /* PlaceAddingView.swift */,
				259AABA82CDA0A4A00512CE6 /* PlaceAddingView.swift */,
				259AABA92CDA0A4A00512CE6 /* PlaceInfoView.swift */,
				259AABAA2CDA0A4A00512CE6 /* PlaceSearchView.swift */,
				259AABA72CDA0A4A00512CE6 /* CityTagFlowLayout.swift */,
				259AABBB2CDA0AC100512CE6 /* ChatLog.swift */,
				259AABBC2CDA0AC100512CE6 /* ChatRoom.swift */,
				42702D4A2CDA34600093F9E3 /* ChatRoom.swift */,
				42702D492CDA34600093F9E3 /* ChatLog.swift */,
			);
			name = "Recovered References";
			sourceTree = "<group>";
		};
		6E690E712CD8B54F0096DB7C /* CalendarViews */ = {
			isa = PBXGroup;
			children = (
				6E690E6C2CD8B54F0096DB7C /* CalendarView.swift */,
				6E690E6D2CD8B54F0096DB7C /* CellView.swift */,
				6E690E6E2CD8B54F0096DB7C /* DateGridView.swift */,
				6E690E6F2CD8B54F0096DB7C /* WeekdayView.swift */,
				6E690E702CD8B54F0096DB7C /* YearAndMonthView.swift */,
			);
			path = CalendarViews;
			sourceTree = "<group>";
		};
		6E690E7D2CD8B9540096DB7C /* HomeViews */ = {
			isa = PBXGroup;
			children = (
				6E690E8A2CD8B97E0096DB7C /* TripRouteView.swift */,
				6E690E7B2CD8B9540096DB7C /* MyTripCardView.swift */,
				6E690E7C2CD8B9540096DB7C /* TopContentsView.swift */,
			);
			path = HomeViews;
			sourceTree = "<group>";
		};
		6E690E802CD8B9540096DB7C /* RecommendViews */ = {
			isa = PBXGroup;
			children = (
				6E690E7E2CD8B9540096DB7C /* RecommendContentView.swift */,
				6E690E7F2CD8B9540096DB7C /* RecommendRouteView.swift */,
			);
			path = RecommendViews;
			sourceTree = "<group>";
		};
		6E690E832CD8B9540096DB7C /* SearchViews */ = {
			isa = PBXGroup;
			children = (
				6E690E812CD8B9540096DB7C /* RecentlySearchListView.swift */,
				6E690E822CD8B9540096DB7C /* SearchView.swift */,
			);
			path = SearchViews;
			sourceTree = "<group>";
		};
		FB36F5CD2CD472AF00E356FA = {
			isa = PBXGroup;
			children = (
				FB36F5EC2CD472F600E356FA /* MayTrip */,
				2518F6B92CD4930300A8F951 /* Frameworks */,
				FB36F5D72CD472AF00E356FA /* Products */,
				259AABA62CDA08AD00512CE6 /* Recovered References */,
			);
			sourceTree = "<group>";
		};
		FB36F5D72CD472AF00E356FA /* Products */ = {
			isa = PBXGroup;
			children = (
				FB36F5D62CD472AF00E356FA /* MayTrip.app */,
			);
			name = Products;
			sourceTree = "<group>";
		};
		FB36F5EC2CD472F600E356FA /* MayTrip */ = {
			isa = PBXGroup;
			children = (
				FBC09B9A2CD9D68D00B059FB /* Info.plist */,
				FBC09B952CD8721900B059FB /* MayTrip.entitlements */,
				FBC09C3A2CDA72D200B059FB /* Config.xcconfig */,
				2518F6B62CD4928A00A8F951 /* App */,
				FB36F6372CD498F900E356FA /* Common */,
				FB36F5F22CD4735700E356FA /* Model */,
				FB36F5F32CD4735F00E356FA /* Store */,
				FB36F5F42CD4736300E356FA /* View */,
				FB36F5EA2CD472F600E356FA /* ContentView.swift */,
				FB36F5EB2CD472F600E356FA /* MayTripApp.swift */,
				FB36F5E92CD472F600E356FA /* Assets.xcassets */,
				2518F6B42CD490F200A8F951 /* supabaseInfo.plist */,
			);
			path = MayTrip;
			sourceTree = "<group>";
		};
		FB36F5F22CD4735700E356FA /* Model */ = {
			isa = PBXGroup;
			children = (
				252CC2DB2CD89BF100345DE5 /* Auth */,
				259AAB762CDA03BD00512CE6 /* TripRoute */,
				252CC2DA2CD89BE500345DE5 /* Community */,
				252CC2D92CD89BCB00345DE5 /* Chat */,
			);
			path = Model;
			sourceTree = "<group>";
		};
		FB36F5F32CD4735F00E356FA /* Store */ = {
			isa = PBXGroup;
			children = (
				259AABA32CDA07F500512CE6 /* TripRouteStore.swift */,
				FB36F6192CD474F600E356FA /* AuthStore.swift */,
				FB8AC0192CDCAE7C0001AB05 /* AuthStore+Kakao.swift */,
				FB8AC01B2CDCAEBE0001AB05 /* AuthStore+Google.swift */,
				6E690E792CD8B5A50096DB7C /* DateStore.swift */,
				6E690E8E2CD8E2EB0096DB7C /* ChatStore.swift */,
				FB8AC01D2CDD93C80001AB05 /* UserStore.swift */,
				42F2F9D32CE187F60013F147 /* PlaceStore.swift */,
				259AAB882CDA06CD00512CE6 /* LocationManager.swift */,
				259AAB892CDA06CD00512CE6 /* SearchAddressStore.swift */,
				FB8AC02E2CE19CFA0001AB05 /* CommunityStore.swift */,
			);
			path = Store;
			sourceTree = "<group>";
		};
		FB36F5F42CD4736300E356FA /* View */ = {
			isa = PBXGroup;
			children = (
				FBC09C3C2CDA7A5000B059FB /* MainView.swift */,
				FB36F5F72CD473A200E356FA /* Login */,
				FB36F5F82CD473B100E356FA /* TripRoute */,
				FB36F5F92CD473C200E356FA /* Chat */,
				FB36F5FA2CD473C600E356FA /* Community */,
				FB36F6062CD4741200E356FA /* Storage */,
				FB36F5FB2CD473CF00E356FA /* MyPage */,
			);
			path = View;
			sourceTree = "<group>";
		};
		FB36F5F72CD473A200E356FA /* Login */ = {
			isa = PBXGroup;
			children = (
				FBC09BA12CD9DBA400B059FB /* SocialLoginButtons.swift */,
				FB36F5FC2CD473E800E356FA /* LoginView.swift */,
				FB36F6352CD48F9200E356FA /* SignInView.swift */,
				FB36F63B2CD5150400E356FA /* SignUpView.swift */,
			);
			path = Login;
			sourceTree = "<group>";
		};
		FB36F5F82CD473B100E356FA /* TripRoute */ = {
			isa = PBXGroup;
			children = (
				6E690E712CD8B54F0096DB7C /* CalendarViews */,
				6E690E722CD8B54F0096DB7C /* EnterBasicInformationView.swift */,
				42702D4F2CDA56AE0093F9E3 /* RouteDetailView.swift */,
				6E690E7D2CD8B9540096DB7C /* HomeViews */,
				259AAB542CDA024500512CE6 /* PlaceAddViews */,
				6E690E802CD8B9540096DB7C /* RecommendViews */,
				6E690E832CD8B9540096DB7C /* SearchViews */,
			);
			path = TripRoute;
			sourceTree = "<group>";
		};
		FB36F5F92CD473C200E356FA /* Chat */ = {
			isa = PBXGroup;
			children = (
				FB36F6002CD473F800E356FA /* ChatView.swift */,
				6E690E902CD8EE180096DB7C /* ChattingRoomView.swift */,
			);
			path = Chat;
			sourceTree = "<group>";
		};
		FB36F5FA2CD473C600E356FA /* Community */ = {
			isa = PBXGroup;
			children = (
				FB36F6022CD4740600E356FA /* CommunityView.swift */,
				FB8AC02A2CE195490001AB05 /* CommunityHeaderView.swift */,
				FB8AC02C2CE1966B0001AB05 /* CommunityBodyView.swift */,
				FB8AC0302CE1E8BC0001AB05 /* CommunityPostListView.swift */,
			);
			path = Community;
			sourceTree = "<group>";
		};
		FB36F5FB2CD473CF00E356FA /* MyPage */ = {
			isa = PBXGroup;
			children = (
				FB8AC00B2CDBBF560001AB05 /* ProfileInitView.swift */,
				FB36F6042CD4740C00E356FA /* MyPageView.swift */,
			);
			path = MyPage;
			sourceTree = "<group>";
		};
		FB36F6062CD4741200E356FA /* Storage */ = {
			isa = PBXGroup;
			children = (
				FB36F6072CD4742700E356FA /* StorageView.swift */,
			);
			path = Storage;
			sourceTree = "<group>";
		};
		FB36F6372CD498F900E356FA /* Common */ = {
			isa = PBXGroup;
			children = (
				FB36F6382CD4990000E356FA /* Modifier */,
			);
			path = Common;
			sourceTree = "<group>";
		};
		FB36F6382CD4990000E356FA /* Modifier */ = {
			isa = PBXGroup;
			children = (
				FB36F63D2CD528F600E356FA /* LoginView */,
			);
			path = Modifier;
			sourceTree = "<group>";
		};
		FB36F63D2CD528F600E356FA /* LoginView */ = {
			isa = PBXGroup;
			children = (
				FB36F6392CD4990900E356FA /* LoginViewCommon.swift */,
			);
			path = LoginView;
			sourceTree = "<group>";
		};
/* End PBXGroup section */

/* Begin PBXNativeTarget section */
		FB36F5D52CD472AF00E356FA /* MayTrip */ = {
			isa = PBXNativeTarget;
			buildConfigurationList = FB36F5E42CD472B100E356FA /* Build configuration list for PBXNativeTarget "MayTrip" */;
			buildPhases = (
				FB36F5D22CD472AF00E356FA /* Sources */,
				FB36F5D32CD472AF00E356FA /* Frameworks */,
				FB36F5D42CD472AF00E356FA /* Resources */,
			);
			buildRules = (
			);
			dependencies = (
			);
			name = MayTrip;
			packageProductDependencies = (
				FB36F61C2CD4752300E356FA /* Auth */,
				FB36F61E2CD4752300E356FA /* Functions */,
				FB36F6202CD4752300E356FA /* PostgREST */,
				FB36F6222CD4752300E356FA /* Realtime */,
				FB36F6242CD4752300E356FA /* Storage */,
				FB36F62C2CD4774400E356FA /* KakaoSDK */,
				FB36F62E2CD4774400E356FA /* KakaoSDKAuth */,
				FB36F6312CD4775B00E356FA /* GoogleSignIn */,
				FB36F6332CD4775B00E356FA /* GoogleSignInSwift */,
				2518F6BA2CD4930300A8F951 /* Supabase */,
			);
			productName = MayTrip;
			productReference = FB36F5D62CD472AF00E356FA /* MayTrip.app */;
			productType = "com.apple.product-type.application";
		};
/* End PBXNativeTarget section */

/* Begin PBXProject section */
		FB36F5CE2CD472AF00E356FA /* Project object */ = {
			isa = PBXProject;
			attributes = {
				BuildIndependentTargetsInParallel = 1;
				LastSwiftUpdateCheck = 1610;
				LastUpgradeCheck = 1610;
				TargetAttributes = {
					FB36F5D52CD472AF00E356FA = {
						CreatedOnToolsVersion = 16.1;
					};
				};
			};
			buildConfigurationList = FB36F5D12CD472AF00E356FA /* Build configuration list for PBXProject "MayTrip" */;
			developmentRegion = en;
			hasScannedForEncodings = 0;
			knownRegions = (
				en,
				Base,
			);
			mainGroup = FB36F5CD2CD472AF00E356FA;
			minimizedProjectReferenceProxies = 1;
			packageReferences = (
				FB36F61B2CD4752300E356FA /* XCRemoteSwiftPackageReference "supabase-swift" */,
				FB36F62B2CD4774400E356FA /* XCRemoteSwiftPackageReference "kakao-ios-sdk" */,
				FB36F6302CD4775B00E356FA /* XCRemoteSwiftPackageReference "GoogleSignIn-iOS" */,
			);
			preferredProjectObjectVersion = 77;
			productRefGroup = FB36F5D72CD472AF00E356FA /* Products */;
			projectDirPath = "";
			projectRoot = "";
			targets = (
				FB36F5D52CD472AF00E356FA /* MayTrip */,
			);
		};
/* End PBXProject section */

/* Begin PBXResourcesBuildPhase section */
		FB36F5D42CD472AF00E356FA /* Resources */ = {
			isa = PBXResourcesBuildPhase;
			buildActionMask = 2147483647;
			files = (
				2518F6B52CD490F200A8F951 /* supabaseInfo.plist in Resources */,
				FBC09C3B2CDA72D200B059FB /* Config.xcconfig in Resources */,
				FB36F5EE2CD472F600E356FA /* Assets.xcassets in Resources */,
			);
			runOnlyForDeploymentPostprocessing = 0;
		};
/* End PBXResourcesBuildPhase section */

/* Begin PBXSourcesBuildPhase section */
		FB36F5D22CD472AF00E356FA /* Sources */ = {
			isa = PBXSourcesBuildPhase;
			buildActionMask = 2147483647;
			files = (
				42702D482CDA34510093F9E3 /* DateStore.swift in Sources */,
				42702D502CDA56AE0093F9E3 /* RouteDetailView.swift in Sources */,
				6EDBE8AF2CDA468500D9A233 /* DateStore.swift in Sources */,
				FB36F6052CD4740F00E356FA /* MyPageView.swift in Sources */,
				FB8AC01A2CDCAE8A0001AB05 /* AuthStore+Kakao.swift in Sources */,
				2518F6B82CD492A000A8F951 /* DBConnection.swift in Sources */,
				42F2F9D42CE187F60013F147 /* PlaceStore.swift in Sources */,
				FB8AC02D2CE1966B0001AB05 /* CommunityBodyView.swift in Sources */,
				FB36F5FD2CD473EA00E356FA /* LoginView.swift in Sources */,
				FB8AC01C2CDCAEC30001AB05 /* AuthStore+Google.swift in Sources */,
				FB36F5EF2CD472F600E356FA /* ContentView.swift in Sources */,
				FB36F6032CD4740900E356FA /* CommunityView.swift in Sources */,
				FB36F6082CD4742A00E356FA /* StorageView.swift in Sources */,
				6E690E732CD8B54F0096DB7C /* CalendarView.swift in Sources */,
				6E690E742CD8B54F0096DB7C /* DateGridView.swift in Sources */,
				6E690E752CD8B54F0096DB7C /* EnterBasicInformationView.swift in Sources */,
				6E690E762CD8B54F0096DB7C /* WeekdayView.swift in Sources */,
				6E690E772CD8B54F0096DB7C /* YearAndMonthView.swift in Sources */,
				6E690E782CD8B54F0096DB7C /* CellView.swift in Sources */,
				6E690E842CD8B9540096DB7C /* RecentlySearchListView.swift in Sources */,
				259AAB8A2CDA06CD00512CE6 /* SearchAddressStore.swift in Sources */,
				FB8AC00C2CDBBF5C0001AB05 /* ProfileInitView.swift in Sources */,
				259AABB92CDA0ABA00512CE6 /* Category.swift in Sources */,
				259AABBA2CDA0ABA00512CE6 /* Post.swift in Sources */,
				259AAB8B2CDA06CD00512CE6 /* LocationManager.swift in Sources */,
				FBC09C3D2CDA7A5600B059FB /* MainView.swift in Sources */,
				6E690E852CD8B9540096DB7C /* TopContentsView.swift in Sources */,
				6E690E862CD8B9540096DB7C /* SearchView.swift in Sources */,
				259AABA42CDA07F500512CE6 /* TripRouteStore.swift in Sources */,
				6E690E912CD8EE280096DB7C /* ChattingRoomView.swift in Sources */,
				6E690E872CD8B9540096DB7C /* MyTripCardView.swift in Sources */,
				6E690E8F2CD8E2F10096DB7C /* ChatStore.swift in Sources */,
				259AABB32CDA0AB200512CE6 /* Place.swift in Sources */,
				FB8AC02B2CE195490001AB05 /* CommunityHeaderView.swift in Sources */,
				FB8AC01E2CDD93CC0001AB05 /* UserStore.swift in Sources */,
				259AABB42CDA0AB200512CE6 /* MarkerItem.swift in Sources */,
				259AABB52CDA0AB200512CE6 /* TripRoute.swift in Sources */,
				259AABC02CDA0AC800512CE6 /* User.swift in Sources */,
				FB8AC02F2CE19D010001AB05 /* CommunityStore.swift in Sources */,
				259AABB62CDA0AB200512CE6 /* City.swift in Sources */,
				6E690E8B2CD8B97E0096DB7C /* TripRouteView.swift in Sources */,
				6E690E882CD8B9540096DB7C /* RecommendContentView.swift in Sources */,
				6E690E892CD8B9540096DB7C /* RecommendRouteView.swift in Sources */,
				FB36F6012CD473FA00E356FA /* ChatView.swift in Sources */,
				259AABC52CDA0AD900512CE6 /* CityTagFlowLayout.swift in Sources */,
				259AABC62CDA0AD900512CE6 /* PlaceSearchView.swift in Sources */,
				259AABC72CDA0AD900512CE6 /* PlaceInfoView.swift in Sources */,
				259AABC82CDA0AD900512CE6 /* PlaceAddingView.swift in Sources */,
				42702D512CDA7BF70093F9E3 /* SignInView.swift in Sources */,
				FB8AC0312CE1E8BC0001AB05 /* CommunityPostListView.swift in Sources */,
				FB36F5F02CD472F600E356FA /* MayTripApp.swift in Sources */,
				FB36F63A2CD4991600E356FA /* LoginViewCommon.swift in Sources */,
				FBC09BA22CD9DBAA00B059FB /* SocialLoginButtons.swift in Sources */,
				FB36F63C2CD5150800E356FA /* SignUpView.swift in Sources */,
				FBC09C382CDA72A800B059FB /* ChatRoom.swift in Sources */,
				FBC09C392CDA72A800B059FB /* ChatLog.swift in Sources */,
				FB36F61A2CD474F900E356FA /* AuthStore.swift in Sources */,
			);
			runOnlyForDeploymentPostprocessing = 0;
		};
/* End PBXSourcesBuildPhase section */

/* Begin XCBuildConfiguration section */
		FB36F5E22CD472B100E356FA /* Debug */ = {
			isa = XCBuildConfiguration;
			buildSettings = {
				ALWAYS_SEARCH_USER_PATHS = NO;
				ASSETCATALOG_COMPILER_GENERATE_SWIFT_ASSET_SYMBOL_EXTENSIONS = YES;
				CLANG_ANALYZER_NONNULL = YES;
				CLANG_ANALYZER_NUMBER_OBJECT_CONVERSION = YES_AGGRESSIVE;
				CLANG_CXX_LANGUAGE_STANDARD = "gnu++20";
				CLANG_ENABLE_MODULES = YES;
				CLANG_ENABLE_OBJC_ARC = YES;
				CLANG_ENABLE_OBJC_WEAK = YES;
				CLANG_WARN_BLOCK_CAPTURE_AUTORELEASING = YES;
				CLANG_WARN_BOOL_CONVERSION = YES;
				CLANG_WARN_COMMA = YES;
				CLANG_WARN_CONSTANT_CONVERSION = YES;
				CLANG_WARN_DEPRECATED_OBJC_IMPLEMENTATIONS = YES;
				CLANG_WARN_DIRECT_OBJC_ISA_USAGE = YES_ERROR;
				CLANG_WARN_DOCUMENTATION_COMMENTS = YES;
				CLANG_WARN_EMPTY_BODY = YES;
				CLANG_WARN_ENUM_CONVERSION = YES;
				CLANG_WARN_INFINITE_RECURSION = YES;
				CLANG_WARN_INT_CONVERSION = YES;
				CLANG_WARN_NON_LITERAL_NULL_CONVERSION = YES;
				CLANG_WARN_OBJC_IMPLICIT_RETAIN_SELF = YES;
				CLANG_WARN_OBJC_LITERAL_CONVERSION = YES;
				CLANG_WARN_OBJC_ROOT_CLASS = YES_ERROR;
				CLANG_WARN_QUOTED_INCLUDE_IN_FRAMEWORK_HEADER = YES;
				CLANG_WARN_RANGE_LOOP_ANALYSIS = YES;
				CLANG_WARN_STRICT_PROTOTYPES = YES;
				CLANG_WARN_SUSPICIOUS_MOVE = YES;
				CLANG_WARN_UNGUARDED_AVAILABILITY = YES_AGGRESSIVE;
				CLANG_WARN_UNREACHABLE_CODE = YES;
				CLANG_WARN__DUPLICATE_METHOD_MATCH = YES;
				COPY_PHASE_STRIP = NO;
				DEBUG_INFORMATION_FORMAT = dwarf;
				ENABLE_STRICT_OBJC_MSGSEND = YES;
				ENABLE_TESTABILITY = YES;
				ENABLE_USER_SCRIPT_SANDBOXING = YES;
				GCC_C_LANGUAGE_STANDARD = gnu17;
				GCC_DYNAMIC_NO_PIC = NO;
				GCC_NO_COMMON_BLOCKS = YES;
				GCC_OPTIMIZATION_LEVEL = 0;
				GCC_PREPROCESSOR_DEFINITIONS = (
					"DEBUG=1",
					"$(inherited)",
				);
				GCC_WARN_64_TO_32_BIT_CONVERSION = YES;
				GCC_WARN_ABOUT_RETURN_TYPE = YES_ERROR;
				GCC_WARN_UNDECLARED_SELECTOR = YES;
				GCC_WARN_UNINITIALIZED_AUTOS = YES_AGGRESSIVE;
				GCC_WARN_UNUSED_FUNCTION = YES;
				GCC_WARN_UNUSED_VARIABLE = YES;
				IPHONEOS_DEPLOYMENT_TARGET = 18.1;
				LOCALIZATION_PREFERS_STRING_CATALOGS = YES;
				MTL_ENABLE_DEBUG_INFO = INCLUDE_SOURCE;
				MTL_FAST_MATH = YES;
				ONLY_ACTIVE_ARCH = YES;
				SDKROOT = iphoneos;
				SWIFT_ACTIVE_COMPILATION_CONDITIONS = "DEBUG $(inherited)";
				SWIFT_OPTIMIZATION_LEVEL = "-Onone";
			};
			name = Debug;
		};
		FB36F5E32CD472B100E356FA /* Release */ = {
			isa = XCBuildConfiguration;
			buildSettings = {
				ALWAYS_SEARCH_USER_PATHS = NO;
				ASSETCATALOG_COMPILER_GENERATE_SWIFT_ASSET_SYMBOL_EXTENSIONS = YES;
				CLANG_ANALYZER_NONNULL = YES;
				CLANG_ANALYZER_NUMBER_OBJECT_CONVERSION = YES_AGGRESSIVE;
				CLANG_CXX_LANGUAGE_STANDARD = "gnu++20";
				CLANG_ENABLE_MODULES = YES;
				CLANG_ENABLE_OBJC_ARC = YES;
				CLANG_ENABLE_OBJC_WEAK = YES;
				CLANG_WARN_BLOCK_CAPTURE_AUTORELEASING = YES;
				CLANG_WARN_BOOL_CONVERSION = YES;
				CLANG_WARN_COMMA = YES;
				CLANG_WARN_CONSTANT_CONVERSION = YES;
				CLANG_WARN_DEPRECATED_OBJC_IMPLEMENTATIONS = YES;
				CLANG_WARN_DIRECT_OBJC_ISA_USAGE = YES_ERROR;
				CLANG_WARN_DOCUMENTATION_COMMENTS = YES;
				CLANG_WARN_EMPTY_BODY = YES;
				CLANG_WARN_ENUM_CONVERSION = YES;
				CLANG_WARN_INFINITE_RECURSION = YES;
				CLANG_WARN_INT_CONVERSION = YES;
				CLANG_WARN_NON_LITERAL_NULL_CONVERSION = YES;
				CLANG_WARN_OBJC_IMPLICIT_RETAIN_SELF = YES;
				CLANG_WARN_OBJC_LITERAL_CONVERSION = YES;
				CLANG_WARN_OBJC_ROOT_CLASS = YES_ERROR;
				CLANG_WARN_QUOTED_INCLUDE_IN_FRAMEWORK_HEADER = YES;
				CLANG_WARN_RANGE_LOOP_ANALYSIS = YES;
				CLANG_WARN_STRICT_PROTOTYPES = YES;
				CLANG_WARN_SUSPICIOUS_MOVE = YES;
				CLANG_WARN_UNGUARDED_AVAILABILITY = YES_AGGRESSIVE;
				CLANG_WARN_UNREACHABLE_CODE = YES;
				CLANG_WARN__DUPLICATE_METHOD_MATCH = YES;
				COPY_PHASE_STRIP = NO;
				DEBUG_INFORMATION_FORMAT = "dwarf-with-dsym";
				ENABLE_NS_ASSERTIONS = NO;
				ENABLE_STRICT_OBJC_MSGSEND = YES;
				ENABLE_USER_SCRIPT_SANDBOXING = YES;
				GCC_C_LANGUAGE_STANDARD = gnu17;
				GCC_NO_COMMON_BLOCKS = YES;
				GCC_WARN_64_TO_32_BIT_CONVERSION = YES;
				GCC_WARN_ABOUT_RETURN_TYPE = YES_ERROR;
				GCC_WARN_UNDECLARED_SELECTOR = YES;
				GCC_WARN_UNINITIALIZED_AUTOS = YES_AGGRESSIVE;
				GCC_WARN_UNUSED_FUNCTION = YES;
				GCC_WARN_UNUSED_VARIABLE = YES;
				IPHONEOS_DEPLOYMENT_TARGET = 18.1;
				LOCALIZATION_PREFERS_STRING_CATALOGS = YES;
				MTL_ENABLE_DEBUG_INFO = NO;
				MTL_FAST_MATH = YES;
				SDKROOT = iphoneos;
				SWIFT_COMPILATION_MODE = wholemodule;
				VALIDATE_PRODUCT = YES;
			};
			name = Release;
		};
		FB36F5E52CD472B100E356FA /* Debug */ = {
			isa = XCBuildConfiguration;
			baseConfigurationReference = FBC09C3A2CDA72D200B059FB /* Config.xcconfig */;
			buildSettings = {
				ASSETCATALOG_COMPILER_APPICON_NAME = AppIcon;
				ASSETCATALOG_COMPILER_GLOBAL_ACCENT_COLOR_NAME = AccentColor;
				CODE_SIGN_ENTITLEMENTS = MayTrip/MayTrip.entitlements;
				CODE_SIGN_IDENTITY = "Apple Development";
				CODE_SIGN_STYLE = Automatic;
				CURRENT_PROJECT_VERSION = 1;
				DEVELOPMENT_ASSET_PATHS = "";
				DEVELOPMENT_TEAM = 6R3M7VGRP2;
				ENABLE_PREVIEWS = YES;
				GENERATE_INFOPLIST_FILE = YES;
				INFOPLIST_FILE = MayTrip/Info.plist;
				INFOPLIST_KEY_NSLocationWhenInUseUsageDescription = "Your app needs access to your location to provide";
				INFOPLIST_KEY_UIApplicationSceneManifest_Generation = YES;
				INFOPLIST_KEY_UIApplicationSupportsIndirectInputEvents = YES;
				INFOPLIST_KEY_UILaunchScreen_Generation = YES;
				INFOPLIST_KEY_UISupportedInterfaceOrientations_iPad = "UIInterfaceOrientationPortrait UIInterfaceOrientationPortraitUpsideDown UIInterfaceOrientationLandscapeLeft UIInterfaceOrientationLandscapeRight";
				INFOPLIST_KEY_UISupportedInterfaceOrientations_iPhone = "UIInterfaceOrientationPortrait UIInterfaceOrientationLandscapeLeft UIInterfaceOrientationLandscapeRight";
				IPHONEOS_DEPLOYMENT_TARGET = 17.0;
				LD_RUNPATH_SEARCH_PATHS = (
					"$(inherited)",
					"@executable_path/Frameworks",
				);
				MARKETING_VERSION = 1.0;
				PRODUCT_BUNDLE_IDENTIFIER = com.likelion.MayTrip;
				PRODUCT_NAME = "$(TARGET_NAME)";
				PROVISIONING_PROFILE_SPECIFIER = "";
				SWIFT_EMIT_LOC_STRINGS = YES;
				SWIFT_VERSION = 5.0;
				TARGETED_DEVICE_FAMILY = "1,2";
			};
			name = Debug;
		};
		FB36F5E62CD472B100E356FA /* Release */ = {
			isa = XCBuildConfiguration;
			baseConfigurationReference = FBC09C3A2CDA72D200B059FB /* Config.xcconfig */;
			buildSettings = {
				ASSETCATALOG_COMPILER_APPICON_NAME = AppIcon;
				ASSETCATALOG_COMPILER_GLOBAL_ACCENT_COLOR_NAME = AccentColor;
				CODE_SIGN_ENTITLEMENTS = MayTrip/MayTrip.entitlements;
				CODE_SIGN_IDENTITY = "Apple Development";
				CODE_SIGN_STYLE = Automatic;
				CURRENT_PROJECT_VERSION = 1;
				DEVELOPMENT_ASSET_PATHS = "";
				DEVELOPMENT_TEAM = 6R3M7VGRP2;
				ENABLE_PREVIEWS = YES;
				GENERATE_INFOPLIST_FILE = YES;
				INFOPLIST_FILE = MayTrip/Info.plist;
				INFOPLIST_KEY_NSLocationWhenInUseUsageDescription = "Your app needs access to your location to provide";
				INFOPLIST_KEY_UIApplicationSceneManifest_Generation = YES;
				INFOPLIST_KEY_UIApplicationSupportsIndirectInputEvents = YES;
				INFOPLIST_KEY_UILaunchScreen_Generation = YES;
				INFOPLIST_KEY_UISupportedInterfaceOrientations_iPad = "UIInterfaceOrientationPortrait UIInterfaceOrientationPortraitUpsideDown UIInterfaceOrientationLandscapeLeft UIInterfaceOrientationLandscapeRight";
				INFOPLIST_KEY_UISupportedInterfaceOrientations_iPhone = "UIInterfaceOrientationPortrait UIInterfaceOrientationLandscapeLeft UIInterfaceOrientationLandscapeRight";
				IPHONEOS_DEPLOYMENT_TARGET = 17.0;
				LD_RUNPATH_SEARCH_PATHS = (
					"$(inherited)",
					"@executable_path/Frameworks",
				);
				MARKETING_VERSION = 1.0;
				PRODUCT_BUNDLE_IDENTIFIER = com.likelion.MayTrip;
				PRODUCT_NAME = "$(TARGET_NAME)";
				PROVISIONING_PROFILE_SPECIFIER = "";
				SWIFT_EMIT_LOC_STRINGS = YES;
				SWIFT_VERSION = 5.0;
				TARGETED_DEVICE_FAMILY = "1,2";
			};
			name = Release;
		};
/* End XCBuildConfiguration section */

/* Begin XCConfigurationList section */
		FB36F5D12CD472AF00E356FA /* Build configuration list for PBXProject "MayTrip" */ = {
			isa = XCConfigurationList;
			buildConfigurations = (
				FB36F5E22CD472B100E356FA /* Debug */,
				FB36F5E32CD472B100E356FA /* Release */,
			);
			defaultConfigurationIsVisible = 0;
			defaultConfigurationName = Release;
		};
		FB36F5E42CD472B100E356FA /* Build configuration list for PBXNativeTarget "MayTrip" */ = {
			isa = XCConfigurationList;
			buildConfigurations = (
				FB36F5E52CD472B100E356FA /* Debug */,
				FB36F5E62CD472B100E356FA /* Release */,
			);
			defaultConfigurationIsVisible = 0;
			defaultConfigurationName = Release;
		};
/* End XCConfigurationList section */

/* Begin XCRemoteSwiftPackageReference section */
		FB36F61B2CD4752300E356FA /* XCRemoteSwiftPackageReference "supabase-swift" */ = {
			isa = XCRemoteSwiftPackageReference;
			repositoryURL = "https://github.com/supabase-community/supabase-swift.git";
			requirement = {
				kind = upToNextMajorVersion;
				minimumVersion = 2.5.1;
			};
		};
		FB36F62B2CD4774400E356FA /* XCRemoteSwiftPackageReference "kakao-ios-sdk" */ = {
			isa = XCRemoteSwiftPackageReference;
			repositoryURL = "https://github.com/kakao/kakao-ios-sdk";
			requirement = {
				kind = upToNextMajorVersion;
				minimumVersion = 2.23.0;
			};
		};
		FB36F6302CD4775B00E356FA /* XCRemoteSwiftPackageReference "GoogleSignIn-iOS" */ = {
			isa = XCRemoteSwiftPackageReference;
			repositoryURL = "https://github.com/google/GoogleSignIn-iOS";
			requirement = {
				kind = upToNextMajorVersion;
				minimumVersion = 8.0.0;
			};
		};
/* End XCRemoteSwiftPackageReference section */

/* Begin XCSwiftPackageProductDependency section */
		2518F6BA2CD4930300A8F951 /* Supabase */ = {
			isa = XCSwiftPackageProductDependency;
			package = FB36F61B2CD4752300E356FA /* XCRemoteSwiftPackageReference "supabase-swift" */;
			productName = Supabase;
		};
		FB36F61C2CD4752300E356FA /* Auth */ = {
			isa = XCSwiftPackageProductDependency;
			package = FB36F61B2CD4752300E356FA /* XCRemoteSwiftPackageReference "supabase-swift" */;
			productName = Auth;
		};
		FB36F61E2CD4752300E356FA /* Functions */ = {
			isa = XCSwiftPackageProductDependency;
			package = FB36F61B2CD4752300E356FA /* XCRemoteSwiftPackageReference "supabase-swift" */;
			productName = Functions;
		};
		FB36F6202CD4752300E356FA /* PostgREST */ = {
			isa = XCSwiftPackageProductDependency;
			package = FB36F61B2CD4752300E356FA /* XCRemoteSwiftPackageReference "supabase-swift" */;
			productName = PostgREST;
		};
		FB36F6222CD4752300E356FA /* Realtime */ = {
			isa = XCSwiftPackageProductDependency;
			package = FB36F61B2CD4752300E356FA /* XCRemoteSwiftPackageReference "supabase-swift" */;
			productName = Realtime;
		};
		FB36F6242CD4752300E356FA /* Storage */ = {
			isa = XCSwiftPackageProductDependency;
			package = FB36F61B2CD4752300E356FA /* XCRemoteSwiftPackageReference "supabase-swift" */;
			productName = Storage;
		};
		FB36F62C2CD4774400E356FA /* KakaoSDK */ = {
			isa = XCSwiftPackageProductDependency;
			package = FB36F62B2CD4774400E356FA /* XCRemoteSwiftPackageReference "kakao-ios-sdk" */;
			productName = KakaoSDK;
		};
		FB36F62E2CD4774400E356FA /* KakaoSDKAuth */ = {
			isa = XCSwiftPackageProductDependency;
			package = FB36F62B2CD4774400E356FA /* XCRemoteSwiftPackageReference "kakao-ios-sdk" */;
			productName = KakaoSDKAuth;
		};
		FB36F6312CD4775B00E356FA /* GoogleSignIn */ = {
			isa = XCSwiftPackageProductDependency;
			package = FB36F6302CD4775B00E356FA /* XCRemoteSwiftPackageReference "GoogleSignIn-iOS" */;
			productName = GoogleSignIn;
		};
		FB36F6332CD4775B00E356FA /* GoogleSignInSwift */ = {
			isa = XCSwiftPackageProductDependency;
			package = FB36F6302CD4775B00E356FA /* XCRemoteSwiftPackageReference "GoogleSignIn-iOS" */;
			productName = GoogleSignInSwift;
		};
/* End XCSwiftPackageProductDependency section */
	};
	rootObject = FB36F5CE2CD472AF00E356FA /* Project object */;
}
